
Microsoft Visual Studio Solution File, Format Version 12.00
# Visual Studio 15
VisualStudioVersion = 15.0.28010.2048
MinimumVisualStudioVersion = 10.0.40219.1
Project("{FAE04EC0-301F-11D3-BF4B-00C04F79EFBC}") = "ISIPISI", "ISIPISI\ISIPISI.csproj", "{DE9B8CDB-3676-4C0B-9B5C-96B19D3496CC}"
EndProject
Global
	GlobalSection(SolutionConfigurationPlatforms) = preSolution
		Debug|Any CPU = Debug|Any CPU
		Release|Any CPU = Release|Any CPU
	EndGlobalSection
	GlobalSection(ProjectConfigurationPlatforms) = postSolution
		{DE9B8CDB-3676-4C0B-9B5C-96B19D3496CC}.Debug|Any CPU.ActiveCfg = Debug|Any CPU
		{DE9B8CDB-3676-4C0B-9B5C-96B19D3496CC}.Debug|Any CPU.Build.0 = Debug|Any CPU
		{DE9B8CDB-3676-4C0B-9B5C-96B19D3496CC}.Release|Any CPU.ActiveCfg = Release|Any CPU
		{DE9B8CDB-3676-4C0B-9B5C-96B19D3496CC}.Release|Any CPU.Build.0 = Release|Any CPU
	EndGlobalSection
	GlobalSection(SolutionProperties) = preSolution
		HideSolutionNode = FALSE
	EndGlobalSection
	GlobalSection(ExtensibilityGlobals) = postSolution
		SolutionGuid = {666F8040-9F33-415D-B9AA-FC5E9511EBAE}
	EndGlobalSection
EndGlobal
